
Microsoft Visual Studio Solution File, Format Version 12.00
# Visual Studio 2012
Project("{8BC9CEB8-8B4A-11D0-8D11-00A0C91BC942}") = "pathfinder_robin_erwin", "pathfinder_robin_erwin\pathfinder_robin_erwin.vcxproj", "{3C1CEF5B-2626-4DD6-B162-7A9B076CD3FF}"
EndProject
Global
	GlobalSection(SolutionConfigurationPlatforms) = preSolution
		Debug|Win32 = Debug|Win32
		Release|Win32 = Release|Win32
	EndGlobalSection
	GlobalSection(ProjectConfigurationPlatforms) = postSolution
		{3C1CEF5B-2626-4DD6-B162-7A9B076CD3FF}.Debug|Win32.ActiveCfg = Debug|Win32
		{3C1CEF5B-2626-4DD6-B162-7A9B076CD3FF}.Debug|Win32.Build.0 = Debug|Win32
		{3C1CEF5B-2626-4DD6-B162-7A9B076CD3FF}.Release|Win32.ActiveCfg = Release|Win32
		{3C1CEF5B-2626-4DD6-B162-7A9B076CD3FF}.Release|Win32.Build.0 = Release|Win32
	EndGlobalSection
	GlobalSection(SolutionProperties) = preSolution
		HideSolutionNode = FALSE
	EndGlobalSection
EndGlobal
