
Microsoft Visual Studio Solution File, Format Version 12.00
# Visual Studio 2012
Project("{8BC9CEB8-8B4A-11D0-8D11-00A0C91BC942}") = "communications", "communications\communications.vcxproj", "{3BE4CF19-5636-4266-A8D0-6E521C47EFE2}"
EndProject
Project("{FAE04EC0-301F-11D3-BF4B-00C04F79EFBC}") = "CSharpTest", "CSharpTest\CSharpTest.csproj", "{F080FD01-0210-4C20-831E-EF42C3D24FC1}"
	ProjectSection(ProjectDependencies) = postProject
		{B4F1C2EA-35B0-41C5-BF02-335F8E214F99} = {B4F1C2EA-35B0-41C5-BF02-335F8E214F99}
	EndProjectSection
EndProject
Project("{8BC9CEB8-8B4A-11D0-8D11-00A0C91BC942}") = "DllTest", "DllTest\DllTest.vcxproj", "{B4F1C2EA-35B0-41C5-BF02-335F8E214F99}"
EndProject
Project("{8BC9CEB8-8B4A-11D0-8D11-00A0C91BC942}") = "navigation", "navigation\navigation.vcxproj", "{57BA5512-022E-4B03-ACCA-D310645FEF87}"
EndProject
Project("{FAE04EC0-301F-11D3-BF4B-00C04F79EFBC}") = "Director", "Director\Director.csproj", "{06A67266-85E5-46E9-9A71-953CD7342C11}"
	ProjectSection(ProjectDependencies) = postProject
		{57BA5512-022E-4B03-ACCA-D310645FEF87} = {57BA5512-022E-4B03-ACCA-D310645FEF87}
		{3BE4CF19-5636-4266-A8D0-6E521C47EFE2} = {3BE4CF19-5636-4266-A8D0-6E521C47EFE2}
	EndProjectSection
EndProject
Global
	GlobalSection(SolutionConfigurationPlatforms) = preSolution
		Debug|x64 = Debug|x64
		Debug|x86 = Debug|x86
		Release|x64 = Release|x64
		Release|x86 = Release|x86
	EndGlobalSection
	GlobalSection(ProjectConfigurationPlatforms) = postSolution
		{3BE4CF19-5636-4266-A8D0-6E521C47EFE2}.Debug|x64.ActiveCfg = Debug|x64
		{3BE4CF19-5636-4266-A8D0-6E521C47EFE2}.Debug|x64.Build.0 = Debug|x64
		{3BE4CF19-5636-4266-A8D0-6E521C47EFE2}.Debug|x86.ActiveCfg = Debug|Win32
		{3BE4CF19-5636-4266-A8D0-6E521C47EFE2}.Debug|x86.Build.0 = Debug|Win32
		{3BE4CF19-5636-4266-A8D0-6E521C47EFE2}.Release|x64.ActiveCfg = Release|x64
		{3BE4CF19-5636-4266-A8D0-6E521C47EFE2}.Release|x64.Build.0 = Release|x64
		{3BE4CF19-5636-4266-A8D0-6E521C47EFE2}.Release|x86.ActiveCfg = Release|Win32
		{3BE4CF19-5636-4266-A8D0-6E521C47EFE2}.Release|x86.Build.0 = Release|Win32
		{F080FD01-0210-4C20-831E-EF42C3D24FC1}.Debug|x64.ActiveCfg = Debug|x64
		{F080FD01-0210-4C20-831E-EF42C3D24FC1}.Debug|x64.Build.0 = Debug|x64
		{F080FD01-0210-4C20-831E-EF42C3D24FC1}.Debug|x86.ActiveCfg = Debug|x86
		{F080FD01-0210-4C20-831E-EF42C3D24FC1}.Debug|x86.Build.0 = Debug|x86
		{F080FD01-0210-4C20-831E-EF42C3D24FC1}.Release|x64.ActiveCfg = Release|x64
		{F080FD01-0210-4C20-831E-EF42C3D24FC1}.Release|x64.Build.0 = Release|x64
		{F080FD01-0210-4C20-831E-EF42C3D24FC1}.Release|x86.ActiveCfg = Release|x86
		{F080FD01-0210-4C20-831E-EF42C3D24FC1}.Release|x86.Build.0 = Release|x86
		{B4F1C2EA-35B0-41C5-BF02-335F8E214F99}.Debug|x64.ActiveCfg = Debug|x64
		{B4F1C2EA-35B0-41C5-BF02-335F8E214F99}.Debug|x64.Build.0 = Debug|x64
		{B4F1C2EA-35B0-41C5-BF02-335F8E214F99}.Debug|x86.ActiveCfg = Debug|Win32
		{B4F1C2EA-35B0-41C5-BF02-335F8E214F99}.Debug|x86.Build.0 = Debug|Win32
		{B4F1C2EA-35B0-41C5-BF02-335F8E214F99}.Release|x64.ActiveCfg = Release|x64
		{B4F1C2EA-35B0-41C5-BF02-335F8E214F99}.Release|x64.Build.0 = Release|x64
		{B4F1C2EA-35B0-41C5-BF02-335F8E214F99}.Release|x86.ActiveCfg = Release|Win32
		{B4F1C2EA-35B0-41C5-BF02-335F8E214F99}.Release|x86.Build.0 = Release|Win32
		{57BA5512-022E-4B03-ACCA-D310645FEF87}.Debug|x64.ActiveCfg = Debug|x64
		{57BA5512-022E-4B03-ACCA-D310645FEF87}.Debug|x64.Build.0 = Debug|x64
		{57BA5512-022E-4B03-ACCA-D310645FEF87}.Debug|x86.ActiveCfg = Debug|Win32
		{57BA5512-022E-4B03-ACCA-D310645FEF87}.Debug|x86.Build.0 = Debug|Win32
		{57BA5512-022E-4B03-ACCA-D310645FEF87}.Release|x64.ActiveCfg = Release|x64
		{57BA5512-022E-4B03-ACCA-D310645FEF87}.Release|x64.Build.0 = Release|x64
		{57BA5512-022E-4B03-ACCA-D310645FEF87}.Release|x86.ActiveCfg = Release|Win32
		{57BA5512-022E-4B03-ACCA-D310645FEF87}.Release|x86.Build.0 = Release|Win32
		{06A67266-85E5-46E9-9A71-953CD7342C11}.Debug|x64.ActiveCfg = Debug|x64
		{06A67266-85E5-46E9-9A71-953CD7342C11}.Debug|x64.Build.0 = Debug|x64
		{06A67266-85E5-46E9-9A71-953CD7342C11}.Debug|x86.ActiveCfg = Debug|x86
		{06A67266-85E5-46E9-9A71-953CD7342C11}.Debug|x86.Build.0 = Debug|x86
		{06A67266-85E5-46E9-9A71-953CD7342C11}.Release|x64.ActiveCfg = Release|x64
		{06A67266-85E5-46E9-9A71-953CD7342C11}.Release|x64.Build.0 = Release|x64
		{06A67266-85E5-46E9-9A71-953CD7342C11}.Release|x86.ActiveCfg = Release|x86
		{06A67266-85E5-46E9-9A71-953CD7342C11}.Release|x86.Build.0 = Release|x86
	EndGlobalSection
	GlobalSection(SolutionProperties) = preSolution
		HideSolutionNode = FALSE
	EndGlobalSection
EndGlobal
